// !$*UTF8*$!
{
	archiveVersion = 1;
	classes = {
	};
	objectVersion = 56;
	objects = {

/* Begin PBXBuildFile section */
		2E125C992B346DD000FE8FDD /* Tradera_iOS_Case_Jonas_Bergstro_mTests.swift in Sources */ = {isa = PBXBuildFile; fileRef = 2E125C982B346DD000FE8FDD /* Tradera_iOS_Case_Jonas_Bergstro_mTests.swift */; };
		2E125CA12B346DDC00FE8FDD /* InlineSnapshotTesting in Frameworks */ = {isa = PBXBuildFile; productRef = 2E125CA02B346DDC00FE8FDD /* InlineSnapshotTesting */; };
		2E125CA32B346DDC00FE8FDD /* SnapshotTesting in Frameworks */ = {isa = PBXBuildFile; productRef = 2E125CA22B346DDC00FE8FDD /* SnapshotTesting */; };
		2E125CB72B34888B00FE8FDD /* FavoriteButtonTests.swift in Sources */ = {isa = PBXBuildFile; fileRef = 2E125CB62B34888B00FE8FDD /* FavoriteButtonTests.swift */; };
		2E125CBD2B34D66100FE8FDD /* DeleteButton.swift in Sources */ = {isa = PBXBuildFile; fileRef = 2E125CBB2B34D51F00FE8FDD /* DeleteButton.swift */; };
		2E125CBF2B34D7DB00FE8FDD /* DeleteButton.swift in Sources */ = {isa = PBXBuildFile; fileRef = 2E125CBE2B34D7DB00FE8FDD /* DeleteButton.swift */; };
		2E8A97FB2B2EF252006FA156 /* Tradera_iOS_Case_Jonas_Bergstro_mApp.swift in Sources */ = {isa = PBXBuildFile; fileRef = 2E8A97FA2B2EF252006FA156 /* Tradera_iOS_Case_Jonas_Bergstro_mApp.swift */; };
		2E8A97FD2B2EF252006FA156 /* ContentView.swift in Sources */ = {isa = PBXBuildFile; fileRef = 2E8A97FC2B2EF252006FA156 /* ContentView.swift */; };
		2E8A97FF2B2EF254006FA156 /* Assets.xcassets in Resources */ = {isa = PBXBuildFile; fileRef = 2E8A97FE2B2EF254006FA156 /* Assets.xcassets */; };
		2E8A98022B2EF254006FA156 /* Preview Assets.xcassets in Resources */ = {isa = PBXBuildFile; fileRef = 2E8A98012B2EF254006FA156 /* Preview Assets.xcassets */; };
		2E8A980C2B306433006FA156 /* Product.swift in Sources */ = {isa = PBXBuildFile; fileRef = 2E8A980B2B306433006FA156 /* Product.swift */; };
		2E8A980E2B306531006FA156 /* ProductList.swift in Sources */ = {isa = PBXBuildFile; fileRef = 2E8A980D2B306531006FA156 /* ProductList.swift */; };
		2E8A98152B307482006FA156 /* ProductListView.swift in Sources */ = {isa = PBXBuildFile; fileRef = 2E8A98142B307482006FA156 /* ProductListView.swift */; };
		2E8A98172B30759A006FA156 /* ProductViewModel.swift in Sources */ = {isa = PBXBuildFile; fileRef = 2E8A98162B30759A006FA156 /* ProductViewModel.swift */; };
		2E8A98192B308E47006FA156 /* FavoriteProductListView.swift in Sources */ = {isa = PBXBuildFile; fileRef = 2E8A98182B308E47006FA156 /* FavoriteProductListView.swift */; };
		2E8A985B2B332FA3006FA156 /* Welcome.swift in Sources */ = {isa = PBXBuildFile; fileRef = 2E8A985A2B332FA3006FA156 /* Welcome.swift */; };
		2E8A98632B339C27006FA156 /* ProductImageHelper.swift in Sources */ = {isa = PBXBuildFile; fileRef = 2E8A98622B339C27006FA156 /* ProductImageHelper.swift */; };
		2E8A98652B33A412006FA156 /* FavoriteButton.swift in Sources */ = {isa = PBXBuildFile; fileRef = 2E8A98642B33A412006FA156 /* FavoriteButton.swift */; };
		2E8A98682B33A637006FA156 /* (null) in Frameworks */ = {isa = PBXBuildFile; };
		2E8A986A2B33A637006FA156 /* (null) in Frameworks */ = {isa = PBXBuildFile; };
/* End PBXBuildFile section */

/* Begin PBXContainerItemProxy section */
		2E125C9A2B346DD000FE8FDD /* PBXContainerItemProxy */ = {
			isa = PBXContainerItemProxy;
			containerPortal = 2E8A97EF2B2EF252006FA156 /* Project object */;
			proxyType = 1;
			remoteGlobalIDString = 2E8A97F62B2EF252006FA156;
			remoteInfo = "Tradera-iOS-Case-Jonas-Bergström";
		};
/* End PBXContainerItemProxy section */

/* Begin PBXFileReference section */
		2E125C962B346DD000FE8FDD /* Tradera_iOS_CaseTests.xctest */ = {isa = PBXFileReference; explicitFileType = wrapper.cfbundle; includeInIndex = 0; path = Tradera_iOS_CaseTests.xctest; sourceTree = BUILT_PRODUCTS_DIR; };
		2E125C982B346DD000FE8FDD /* Tradera_iOS_Case_Jonas_Bergstro_mTests.swift */ = {isa = PBXFileReference; lastKnownFileType = sourcecode.swift; path = Tradera_iOS_Case_Jonas_Bergstro_mTests.swift; sourceTree = "<group>"; };
		2E125CB62B34888B00FE8FDD /* FavoriteButtonTests.swift */ = {isa = PBXFileReference; lastKnownFileType = sourcecode.swift; path = FavoriteButtonTests.swift; sourceTree = "<group>"; };
		2E125CBB2B34D51F00FE8FDD /* DeleteButton.swift */ = {isa = PBXFileReference; lastKnownFileType = sourcecode.swift; path = DeleteButton.swift; sourceTree = "<group>"; };
		2E125CBE2B34D7DB00FE8FDD /* DeleteButton.swift */ = {isa = PBXFileReference; lastKnownFileType = sourcecode.swift; path = DeleteButton.swift; sourceTree = "<group>"; };
		2E8A97F72B2EF252006FA156 /* Tradera_iOS_Case.app */ = {isa = PBXFileReference; explicitFileType = wrapper.application; includeInIndex = 0; path = Tradera_iOS_Case.app; sourceTree = BUILT_PRODUCTS_DIR; };
		2E8A97FA2B2EF252006FA156 /* Tradera_iOS_Case_Jonas_Bergstro_mApp.swift */ = {isa = PBXFileReference; lastKnownFileType = sourcecode.swift; path = Tradera_iOS_Case_Jonas_Bergstro_mApp.swift; sourceTree = "<group>"; };
		2E8A97FC2B2EF252006FA156 /* ContentView.swift */ = {isa = PBXFileReference; lastKnownFileType = sourcecode.swift; path = ContentView.swift; sourceTree = "<group>"; };
		2E8A97FE2B2EF254006FA156 /* Assets.xcassets */ = {isa = PBXFileReference; lastKnownFileType = folder.assetcatalog; path = Assets.xcassets; sourceTree = "<group>"; };
		2E8A98012B2EF254006FA156 /* Preview Assets.xcassets */ = {isa = PBXFileReference; lastKnownFileType = folder.assetcatalog; path = "Preview Assets.xcassets"; sourceTree = "<group>"; };
		2E8A980B2B306433006FA156 /* Product.swift */ = {isa = PBXFileReference; lastKnownFileType = sourcecode.swift; path = Product.swift; sourceTree = "<group>"; };
		2E8A980D2B306531006FA156 /* ProductList.swift */ = {isa = PBXFileReference; lastKnownFileType = sourcecode.swift; path = ProductList.swift; sourceTree = "<group>"; };
		2E8A98142B307482006FA156 /* ProductListView.swift */ = {isa = PBXFileReference; lastKnownFileType = sourcecode.swift; path = ProductListView.swift; sourceTree = "<group>"; };
		2E8A98162B30759A006FA156 /* ProductViewModel.swift */ = {isa = PBXFileReference; lastKnownFileType = sourcecode.swift; path = ProductViewModel.swift; sourceTree = "<group>"; };
		2E8A98182B308E47006FA156 /* FavoriteProductListView.swift */ = {isa = PBXFileReference; lastKnownFileType = sourcecode.swift; path = FavoriteProductListView.swift; sourceTree = "<group>"; };
		2E8A985A2B332FA3006FA156 /* Welcome.swift */ = {isa = PBXFileReference; lastKnownFileType = sourcecode.swift; path = Welcome.swift; sourceTree = "<group>"; };
		2E8A98622B339C27006FA156 /* ProductImageHelper.swift */ = {isa = PBXFileReference; lastKnownFileType = sourcecode.swift; path = ProductImageHelper.swift; sourceTree = "<group>"; };
		2E8A98642B33A412006FA156 /* FavoriteButton.swift */ = {isa = PBXFileReference; lastKnownFileType = sourcecode.swift; path = FavoriteButton.swift; sourceTree = "<group>"; };
/* End PBXFileReference section */

/* Begin PBXFrameworksBuildPhase section */
		2E125C932B346DD000FE8FDD /* Frameworks */ = {
			isa = PBXFrameworksBuildPhase;
			buildActionMask = 2147483647;
			files = (
				2E125CA12B346DDC00FE8FDD /* InlineSnapshotTesting in Frameworks */,
				2E125CA32B346DDC00FE8FDD /* SnapshotTesting in Frameworks */,
			);
			runOnlyForDeploymentPostprocessing = 0;
		};
		2E8A97F42B2EF252006FA156 /* Frameworks */ = {
			isa = PBXFrameworksBuildPhase;
			buildActionMask = 2147483647;
			files = (
				2E8A98682B33A637006FA156 /* (null) in Frameworks */,
				2E8A986A2B33A637006FA156 /* (null) in Frameworks */,
			);
			runOnlyForDeploymentPostprocessing = 0;
		};
/* End PBXFrameworksBuildPhase section */

/* Begin PBXGroup section */
		2E125C972B346DD000FE8FDD /* Tradera-iOS-Case-Jonas-BergströmTests */ = {
			isa = PBXGroup;
			children = (
				2E125C982B346DD000FE8FDD /* Tradera_iOS_Case_Jonas_Bergstro_mTests.swift */,
				2E125CB62B34888B00FE8FDD /* FavoriteButtonTests.swift */,
				2E125CBE2B34D7DB00FE8FDD /* DeleteButton.swift */,
			);
			path = "Tradera-iOS-Case-Jonas-BergströmTests";
			sourceTree = "<group>";
		};
		2E8A97EE2B2EF252006FA156 = {
			isa = PBXGroup;
			children = (
				2E8A97F92B2EF252006FA156 /* Tradera-iOS-Case-Jonas-Bergström */,
				2E125C972B346DD000FE8FDD /* Tradera-iOS-Case-Jonas-BergströmTests */,
				2E8A97F82B2EF252006FA156 /* Products */,
			);
			sourceTree = "<group>";
		};
		2E8A97F82B2EF252006FA156 /* Products */ = {
			isa = PBXGroup;
			children = (
				2E8A97F72B2EF252006FA156 /* Tradera_iOS_Case.app */,
				2E125C962B346DD000FE8FDD /* Tradera_iOS_CaseTests.xctest */,
			);
			name = Products;
			sourceTree = "<group>";
		};
		2E8A97F92B2EF252006FA156 /* Tradera-iOS-Case-Jonas-Bergström */ = {
			isa = PBXGroup;
			children = (
				2E8A98612B339C07006FA156 /* Helpers */,
				2E8A98082B2EF3CA006FA156 /* Model */,
				2E8A98092B2EF3D6006FA156 /* ViewModel */,
				2E8A980A2B2EF3F2006FA156 /* View */,
				2E8A97FA2B2EF252006FA156 /* Tradera_iOS_Case_Jonas_Bergstro_mApp.swift */,
				2E8A97FC2B2EF252006FA156 /* ContentView.swift */,
				2E8A97FE2B2EF254006FA156 /* Assets.xcassets */,
				2E8A98002B2EF254006FA156 /* Preview Content */,
			);
			path = "Tradera-iOS-Case-Jonas-Bergström";
			sourceTree = "<group>";
		};
		2E8A98002B2EF254006FA156 /* Preview Content */ = {
			isa = PBXGroup;
			children = (
				2E8A98012B2EF254006FA156 /* Preview Assets.xcassets */,
			);
			path = "Preview Content";
			sourceTree = "<group>";
		};
		2E8A98082B2EF3CA006FA156 /* Model */ = {
			isa = PBXGroup;
			children = (
				2E8A980B2B306433006FA156 /* Product.swift */,
				2E8A980D2B306531006FA156 /* ProductList.swift */,
			);
			path = Model;
			sourceTree = "<group>";
		};
		2E8A98092B2EF3D6006FA156 /* ViewModel */ = {
			isa = PBXGroup;
			children = (
				2E8A98162B30759A006FA156 /* ProductViewModel.swift */,
			);
			path = ViewModel;
			sourceTree = "<group>";
		};
		2E8A980A2B2EF3F2006FA156 /* View */ = {
			isa = PBXGroup;
			children = (
				2E8A98142B307482006FA156 /* ProductListView.swift */,
				2E8A98182B308E47006FA156 /* FavoriteProductListView.swift */,
				2E8A985A2B332FA3006FA156 /* Welcome.swift */,
				2E8A98642B33A412006FA156 /* FavoriteButton.swift */,
				2E125CBB2B34D51F00FE8FDD /* DeleteButton.swift */,
			);
			path = View;
			sourceTree = "<group>";
		};
		2E8A98612B339C07006FA156 /* Helpers */ = {
			isa = PBXGroup;
			children = (
				2E8A98622B339C27006FA156 /* ProductImageHelper.swift */,
			);
			path = Helpers;
			sourceTree = "<group>";
		};
/* End PBXGroup section */

/* Begin PBXNativeTarget section */
		2E125C952B346DD000FE8FDD /* Tradera_iOS_CaseTests */ = {
			isa = PBXNativeTarget;
			buildConfigurationList = 2E125C9E2B346DD000FE8FDD /* Build configuration list for PBXNativeTarget "Tradera_iOS_CaseTests" */;
			buildPhases = (
				2E125C922B346DD000FE8FDD /* Sources */,
				2E125C932B346DD000FE8FDD /* Frameworks */,
				2E125C942B346DD000FE8FDD /* Resources */,
			);
			buildRules = (
			);
			dependencies = (
				2E125C9B2B346DD000FE8FDD /* PBXTargetDependency */,
			);
			name = Tradera_iOS_CaseTests;
			packageProductDependencies = (
				2E125CA02B346DDC00FE8FDD /* InlineSnapshotTesting */,
				2E125CA22B346DDC00FE8FDD /* SnapshotTesting */,
			);
			productName = "Tradera-iOS-Case-Jonas-BergströmTests";
			productReference = 2E125C962B346DD000FE8FDD /* Tradera_iOS_CaseTests.xctest */;
			productType = "com.apple.product-type.bundle.unit-test";
		};
		2E8A97F62B2EF252006FA156 /* Tradera_iOS_Case */ = {
			isa = PBXNativeTarget;
			buildConfigurationList = 2E8A98052B2EF254006FA156 /* Build configuration list for PBXNativeTarget "Tradera_iOS_Case" */;
			buildPhases = (
				2E8A97F32B2EF252006FA156 /* Sources */,
				2E8A97F42B2EF252006FA156 /* Frameworks */,
				2E8A97F52B2EF252006FA156 /* Resources */,
			);
			buildRules = (
			);
			dependencies = (
			);
			name = Tradera_iOS_Case;
			packageProductDependencies = (
			);
			productName = "Tradera-iOS-Case-Jonas-Bergström";
			productReference = 2E8A97F72B2EF252006FA156 /* Tradera_iOS_Case.app */;
			productType = "com.apple.product-type.application";
		};
/* End PBXNativeTarget section */

/* Begin PBXProject section */
		2E8A97EF2B2EF252006FA156 /* Project object */ = {
			isa = PBXProject;
			attributes = {
				BuildIndependentTargetsInParallel = 1;
				LastSwiftUpdateCheck = 1500;
				LastUpgradeCheck = 1500;
				TargetAttributes = {
					2E125C952B346DD000FE8FDD = {
						CreatedOnToolsVersion = 15.0;
						TestTargetID = 2E8A97F62B2EF252006FA156;
					};
					2E8A97F62B2EF252006FA156 = {
						CreatedOnToolsVersion = 15.0;
					};
				};
			};
			buildConfigurationList = 2E8A97F22B2EF252006FA156 /* Build configuration list for PBXProject "Tradera_iOS_Case" */;
			compatibilityVersion = "Xcode 14.0";
			developmentRegion = en;
			hasScannedForEncodings = 0;
			knownRegions = (
				en,
				Base,
			);
			mainGroup = 2E8A97EE2B2EF252006FA156;
			packageReferences = (
				2E125C9F2B346DDC00FE8FDD /* XCRemoteSwiftPackageReference "swift-snapshot-testing" */,
			);
			productRefGroup = 2E8A97F82B2EF252006FA156 /* Products */;
			projectDirPath = "";
			projectRoot = "";
			targets = (
				2E8A97F62B2EF252006FA156 /* Tradera_iOS_Case */,
				2E125C952B346DD000FE8FDD /* Tradera_iOS_CaseTests */,
			);
		};
/* End PBXProject section */

/* Begin PBXResourcesBuildPhase section */
		2E125C942B346DD000FE8FDD /* Resources */ = {
			isa = PBXResourcesBuildPhase;
			buildActionMask = 2147483647;
			files = (
			);
			runOnlyForDeploymentPostprocessing = 0;
		};
		2E8A97F52B2EF252006FA156 /* Resources */ = {
			isa = PBXResourcesBuildPhase;
			buildActionMask = 2147483647;
			files = (
				2E8A98022B2EF254006FA156 /* Preview Assets.xcassets in Resources */,
				2E8A97FF2B2EF254006FA156 /* Assets.xcassets in Resources */,
			);
			runOnlyForDeploymentPostprocessing = 0;
		};
/* End PBXResourcesBuildPhase section */

/* Begin PBXSourcesBuildPhase section */
		2E125C922B346DD000FE8FDD /* Sources */ = {
			isa = PBXSourcesBuildPhase;
			buildActionMask = 2147483647;
			files = (
				2E125CB72B34888B00FE8FDD /* FavoriteButtonTests.swift in Sources */,
				2E125C992B346DD000FE8FDD /* Tradera_iOS_Case_Jonas_Bergstro_mTests.swift in Sources */,
				2E125CBF2B34D7DB00FE8FDD /* DeleteButton.swift in Sources */,
			);
			runOnlyForDeploymentPostprocessing = 0;
		};
		2E8A97F32B2EF252006FA156 /* Sources */ = {
			isa = PBXSourcesBuildPhase;
			buildActionMask = 2147483647;
			files = (
				2E8A98632B339C27006FA156 /* ProductImageHelper.swift in Sources */,
				2E8A98152B307482006FA156 /* ProductListView.swift in Sources */,
				2E8A97FD2B2EF252006FA156 /* ContentView.swift in Sources */,
				2E125CBD2B34D66100FE8FDD /* DeleteButton.swift in Sources */,
				2E8A98652B33A412006FA156 /* FavoriteButton.swift in Sources */,
				2E8A98172B30759A006FA156 /* ProductViewModel.swift in Sources */,
				2E8A980E2B306531006FA156 /* ProductList.swift in Sources */,
				2E8A985B2B332FA3006FA156 /* Welcome.swift in Sources */,
				2E8A98192B308E47006FA156 /* FavoriteProductListView.swift in Sources */,
				2E8A97FB2B2EF252006FA156 /* Tradera_iOS_Case_Jonas_Bergstro_mApp.swift in Sources */,
				2E8A980C2B306433006FA156 /* Product.swift in Sources */,
			);
			runOnlyForDeploymentPostprocessing = 0;
		};
/* End PBXSourcesBuildPhase section */

/* Begin PBXTargetDependency section */
		2E125C9B2B346DD000FE8FDD /* PBXTargetDependency */ = {
			isa = PBXTargetDependency;
			target = 2E8A97F62B2EF252006FA156 /* Tradera_iOS_Case */;
			targetProxy = 2E125C9A2B346DD000FE8FDD /* PBXContainerItemProxy */;
		};
/* End PBXTargetDependency section */

/* Begin XCBuildConfiguration section */
		2E125C9C2B346DD000FE8FDD /* Debug */ = {
			isa = XCBuildConfiguration;
			buildSettings = {
				BUNDLE_LOADER = "$(TEST_HOST)";
				CODE_SIGN_STYLE = Automatic;
				CURRENT_PROJECT_VERSION = 1;
				DEVELOPMENT_TEAM = 7KDAWBCR66;
				GENERATE_INFOPLIST_FILE = YES;
				MARKETING_VERSION = 1.0;
				PRODUCT_BUNDLE_IDENTIFIER = "con.jonas.Tradera-iOS-Case-Jonas-Bergstro-mTests";
				PRODUCT_NAME = "$(TARGET_NAME)";
				SWIFT_EMIT_LOC_STRINGS = NO;
				SWIFT_VERSION = 5.0;
				TARGETED_DEVICE_FAMILY = "1,2";
				TEST_HOST = "$(BUILT_PRODUCTS_DIR)/Tradera_iOS_Case.app/$(BUNDLE_EXECUTABLE_FOLDER_PATH)/Tradera_iOS_Case";
			};
			name = Debug;
		};
		2E125C9D2B346DD000FE8FDD /* Release */ = {
			isa = XCBuildConfiguration;
			buildSettings = {
				BUNDLE_LOADER = "$(TEST_HOST)";
				CODE_SIGN_STYLE = Automatic;
				CURRENT_PROJECT_VERSION = 1;
				DEVELOPMENT_TEAM = 7KDAWBCR66;
				GENERATE_INFOPLIST_FILE = YES;
				MARKETING_VERSION = 1.0;
				PRODUCT_BUNDLE_IDENTIFIER = "con.jonas.Tradera-iOS-Case-Jonas-Bergstro-mTests";
				PRODUCT_NAME = "$(TARGET_NAME)";
				SWIFT_EMIT_LOC_STRINGS = NO;
				SWIFT_VERSION = 5.0;
				TARGETED_DEVICE_FAMILY = "1,2";
				TEST_HOST = "$(BUILT_PRODUCTS_DIR)/Tradera_iOS_Case.app/$(BUNDLE_EXECUTABLE_FOLDER_PATH)/Tradera_iOS_Case";
			};
			name = Release;
		};
		2E8A98032B2EF254006FA156 /* Debug */ = {
			isa = XCBuildConfiguration;
			buildSettings = {
				ALWAYS_SEARCH_USER_PATHS = NO;
				ASSETCATALOG_COMPILER_GENERATE_SWIFT_ASSET_SYMBOL_EXTENSIONS = YES;
				CLANG_ANALYZER_NONNULL = YES;
				CLANG_ANALYZER_NUMBER_OBJECT_CONVERSION = YES_AGGRESSIVE;
				CLANG_CXX_LANGUAGE_STANDARD = "gnu++20";
				CLANG_ENABLE_MODULES = YES;
				CLANG_ENABLE_OBJC_ARC = YES;
				CLANG_ENABLE_OBJC_WEAK = YES;
				CLANG_WARN_BLOCK_CAPTURE_AUTORELEASING = YES;
				CLANG_WARN_BOOL_CONVERSION = YES;
				CLANG_WARN_COMMA = YES;
				CLANG_WARN_CONSTANT_CONVERSION = YES;
				CLANG_WARN_DEPRECATED_OBJC_IMPLEMENTATIONS = YES;
				CLANG_WARN_DIRECT_OBJC_ISA_USAGE = YES_ERROR;
				CLANG_WARN_DOCUMENTATION_COMMENTS = YES;
				CLANG_WARN_EMPTY_BODY = YES;
				CLANG_WARN_ENUM_CONVERSION = YES;
				CLANG_WARN_INFINITE_RECURSION = YES;
				CLANG_WARN_INT_CONVERSION = YES;
				CLANG_WARN_NON_LITERAL_NULL_CONVERSION = YES;
				CLANG_WARN_OBJC_IMPLICIT_RETAIN_SELF = YES;
				CLANG_WARN_OBJC_LITERAL_CONVERSION = YES;
				CLANG_WARN_OBJC_ROOT_CLASS = YES_ERROR;
				CLANG_WARN_QUOTED_INCLUDE_IN_FRAMEWORK_HEADER = YES;
				CLANG_WARN_RANGE_LOOP_ANALYSIS = YES;
				CLANG_WARN_STRICT_PROTOTYPES = YES;
				CLANG_WARN_SUSPICIOUS_MOVE = YES;
				CLANG_WARN_UNGUARDED_AVAILABILITY = YES_AGGRESSIVE;
				CLANG_WARN_UNREACHABLE_CODE = YES;
				CLANG_WARN__DUPLICATE_METHOD_MATCH = YES;
				COPY_PHASE_STRIP = NO;
				DEBUG_INFORMATION_FORMAT = dwarf;
				ENABLE_STRICT_OBJC_MSGSEND = YES;
				ENABLE_TESTABILITY = YES;
				ENABLE_USER_SCRIPT_SANDBOXING = YES;
				GCC_C_LANGUAGE_STANDARD = gnu17;
				GCC_DYNAMIC_NO_PIC = NO;
				GCC_NO_COMMON_BLOCKS = YES;
				GCC_OPTIMIZATION_LEVEL = 0;
				GCC_PREPROCESSOR_DEFINITIONS = (
					"DEBUG=1",
					"$(inherited)",
				);
				GCC_WARN_64_TO_32_BIT_CONVERSION = YES;
				GCC_WARN_ABOUT_RETURN_TYPE = YES_ERROR;
				GCC_WARN_UNDECLARED_SELECTOR = YES;
				GCC_WARN_UNINITIALIZED_AUTOS = YES_AGGRESSIVE;
				GCC_WARN_UNUSED_FUNCTION = YES;
				GCC_WARN_UNUSED_VARIABLE = YES;
				IPHONEOS_DEPLOYMENT_TARGET = 17.0;
				LOCALIZATION_PREFERS_STRING_CATALOGS = YES;
				MTL_ENABLE_DEBUG_INFO = INCLUDE_SOURCE;
				MTL_FAST_MATH = YES;
				ONLY_ACTIVE_ARCH = YES;
				SDKROOT = iphoneos;
				SWIFT_ACTIVE_COMPILATION_CONDITIONS = "DEBUG $(inherited)";
				SWIFT_OPTIMIZATION_LEVEL = "-Onone";
			};
			name = Debug;
		};
		2E8A98042B2EF254006FA156 /* Release */ = {
			isa = XCBuildConfiguration;
			buildSettings = {
				ALWAYS_SEARCH_USER_PATHS = NO;
				ASSETCATALOG_COMPILER_GENERATE_SWIFT_ASSET_SYMBOL_EXTENSIONS = YES;
				CLANG_ANALYZER_NONNULL = YES;
				CLANG_ANALYZER_NUMBER_OBJECT_CONVERSION = YES_AGGRESSIVE;
				CLANG_CXX_LANGUAGE_STANDARD = "gnu++20";
				CLANG_ENABLE_MODULES = YES;
				CLANG_ENABLE_OBJC_ARC = YES;
				CLANG_ENABLE_OBJC_WEAK = YES;
				CLANG_WARN_BLOCK_CAPTURE_AUTORELEASING = YES;
				CLANG_WARN_BOOL_CONVERSION = YES;
				CLANG_WARN_COMMA = YES;
				CLANG_WARN_CONSTANT_CONVERSION = YES;
				CLANG_WARN_DEPRECATED_OBJC_IMPLEMENTATIONS = YES;
				CLANG_WARN_DIRECT_OBJC_ISA_USAGE = YES_ERROR;
				CLANG_WARN_DOCUMENTATION_COMMENTS = YES;
				CLANG_WARN_EMPTY_BODY = YES;
				CLANG_WARN_ENUM_CONVERSION = YES;
				CLANG_WARN_INFINITE_RECURSION = YES;
				CLANG_WARN_INT_CONVERSION = YES;
				CLANG_WARN_NON_LITERAL_NULL_CONVERSION = YES;
				CLANG_WARN_OBJC_IMPLICIT_RETAIN_SELF = YES;
				CLANG_WARN_OBJC_LITERAL_CONVERSION = YES;
				CLANG_WARN_OBJC_ROOT_CLASS = YES_ERROR;
				CLANG_WARN_QUOTED_INCLUDE_IN_FRAMEWORK_HEADER = YES;
				CLANG_WARN_RANGE_LOOP_ANALYSIS = YES;
				CLANG_WARN_STRICT_PROTOTYPES = YES;
				CLANG_WARN_SUSPICIOUS_MOVE = YES;
				CLANG_WARN_UNGUARDED_AVAILABILITY = YES_AGGRESSIVE;
				CLANG_WARN_UNREACHABLE_CODE = YES;
				CLANG_WARN__DUPLICATE_METHOD_MATCH = YES;
				COPY_PHASE_STRIP = NO;
				DEBUG_INFORMATION_FORMAT = "dwarf-with-dsym";
				ENABLE_NS_ASSERTIONS = NO;
				ENABLE_STRICT_OBJC_MSGSEND = YES;
				ENABLE_USER_SCRIPT_SANDBOXING = YES;
				GCC_C_LANGUAGE_STANDARD = gnu17;
				GCC_NO_COMMON_BLOCKS = YES;
				GCC_WARN_64_TO_32_BIT_CONVERSION = YES;
				GCC_WARN_ABOUT_RETURN_TYPE = YES_ERROR;
				GCC_WARN_UNDECLARED_SELECTOR = YES;
				GCC_WARN_UNINITIALIZED_AUTOS = YES_AGGRESSIVE;
				GCC_WARN_UNUSED_FUNCTION = YES;
				GCC_WARN_UNUSED_VARIABLE = YES;
				IPHONEOS_DEPLOYMENT_TARGET = 17.0;
				LOCALIZATION_PREFERS_STRING_CATALOGS = YES;
				MTL_ENABLE_DEBUG_INFO = NO;
				MTL_FAST_MATH = YES;
				SDKROOT = iphoneos;
				SWIFT_COMPILATION_MODE = wholemodule;
				VALIDATE_PRODUCT = YES;
			};
			name = Release;
		};
		2E8A98062B2EF254006FA156 /* Debug */ = {
			isa = XCBuildConfiguration;
			buildSettings = {
				ASSETCATALOG_COMPILER_APPICON_NAME = AppIcon;
				ASSETCATALOG_COMPILER_GLOBAL_ACCENT_COLOR_NAME = AccentColor;
				CODE_SIGN_STYLE = Automatic;
				CURRENT_PROJECT_VERSION = 1;
				DEVELOPMENT_ASSET_PATHS = "\"Tradera-iOS-Case-Jonas-Bergström/Preview Content\"";
				DEVELOPMENT_TEAM = 7KDAWBCR66;
				ENABLE_PREVIEWS = YES;
				GENERATE_INFOPLIST_FILE = YES;
				INFOPLIST_KEY_UIApplicationSceneManifest_Generation = YES;
				INFOPLIST_KEY_UIApplicationSupportsIndirectInputEvents = YES;
				INFOPLIST_KEY_UILaunchScreen_Generation = YES;
				INFOPLIST_KEY_UISupportedInterfaceOrientations = UIInterfaceOrientationPortrait;
				INFOPLIST_KEY_UISupportedInterfaceOrientations_iPad = "UIInterfaceOrientationPortrait UIInterfaceOrientationPortraitUpsideDown";
				LD_RUNPATH_SEARCH_PATHS = (
					"$(inherited)",
					"@executable_path/Frameworks",
				);
				MARKETING_VERSION = 1.0;
				PRODUCT_BUNDLE_IDENTIFIER = "con.jonas.Tradera-iOS-Case-Jonas-Bergstro-m";
				PRODUCT_NAME = "$(TARGET_NAME)";
				SWIFT_EMIT_LOC_STRINGS = YES;
				SWIFT_VERSION = 5.0;
				TARGETED_DEVICE_FAMILY = "1,2";
			};
			name = Debug;
		};
		2E8A98072B2EF254006FA156 /* Release */ = {
			isa = XCBuildConfiguration;
			buildSettings = {
				ASSETCATALOG_COMPILER_APPICON_NAME = AppIcon;
				ASSETCATALOG_COMPILER_GLOBAL_ACCENT_COLOR_NAME = AccentColor;
				CODE_SIGN_STYLE = Automatic;
				CURRENT_PROJECT_VERSION = 1;
				DEVELOPMENT_ASSET_PATHS = "\"Tradera-iOS-Case-Jonas-Bergström/Preview Content\"";
				DEVELOPMENT_TEAM = 7KDAWBCR66;
				ENABLE_PREVIEWS = YES;
				GENERATE_INFOPLIST_FILE = YES;
				INFOPLIST_KEY_UIApplicationSceneManifest_Generation = YES;
				INFOPLIST_KEY_UIApplicationSupportsIndirectInputEvents = YES;
				INFOPLIST_KEY_UILaunchScreen_Generation = YES;
				INFOPLIST_KEY_UISupportedInterfaceOrientations = UIInterfaceOrientationPortrait;
				INFOPLIST_KEY_UISupportedInterfaceOrientations_iPad = "UIInterfaceOrientationPortrait UIInterfaceOrientationPortraitUpsideDown";
				LD_RUNPATH_SEARCH_PATHS = (
					"$(inherited)",
					"@executable_path/Frameworks",
				);
				MARKETING_VERSION = 1.0;
				PRODUCT_BUNDLE_IDENTIFIER = "con.jonas.Tradera-iOS-Case-Jonas-Bergstro-m";
				PRODUCT_NAME = "$(TARGET_NAME)";
				SWIFT_EMIT_LOC_STRINGS = YES;
				SWIFT_VERSION = 5.0;
				TARGETED_DEVICE_FAMILY = "1,2";
			};
			name = Release;
		};
/* End XCBuildConfiguration section */

/* Begin XCConfigurationList section */
		2E125C9E2B346DD000FE8FDD /* Build configuration list for PBXNativeTarget "Tradera_iOS_CaseTests" */ = {
			isa = XCConfigurationList;
			buildConfigurations = (
				2E125C9C2B346DD000FE8FDD /* Debug */,
				2E125C9D2B346DD000FE8FDD /* Release */,
			);
			defaultConfigurationIsVisible = 0;
			defaultConfigurationName = Release;
		};
		2E8A97F22B2EF252006FA156 /* Build configuration list for PBXProject "Tradera_iOS_Case" */ = {
			isa = XCConfigurationList;
			buildConfigurations = (
				2E8A98032B2EF254006FA156 /* Debug */,
				2E8A98042B2EF254006FA156 /* Release */,
			);
			defaultConfigurationIsVisible = 0;
			defaultConfigurationName = Release;
		};
		2E8A98052B2EF254006FA156 /* Build configuration list for PBXNativeTarget "Tradera_iOS_Case" */ = {
			isa = XCConfigurationList;
			buildConfigurations = (
				2E8A98062B2EF254006FA156 /* Debug */,
				2E8A98072B2EF254006FA156 /* Release */,
			);
			defaultConfigurationIsVisible = 0;
			defaultConfigurationName = Release;
		};
/* End XCConfigurationList section */

/* Begin XCRemoteSwiftPackageReference section */
		2E125C9F2B346DDC00FE8FDD /* XCRemoteSwiftPackageReference "swift-snapshot-testing" */ = {
			isa = XCRemoteSwiftPackageReference;
			repositoryURL = "https://github.com/pointfreeco/swift-snapshot-testing";
			requirement = {
				kind = upToNextMajorVersion;
				minimumVersion = 1.15.1;
			};
		};
/* End XCRemoteSwiftPackageReference section */

/* Begin XCSwiftPackageProductDependency section */
		2E125CA02B346DDC00FE8FDD /* InlineSnapshotTesting */ = {
			isa = XCSwiftPackageProductDependency;
			package = 2E125C9F2B346DDC00FE8FDD /* XCRemoteSwiftPackageReference "swift-snapshot-testing" */;
			productName = InlineSnapshotTesting;
		};
		2E125CA22B346DDC00FE8FDD /* SnapshotTesting */ = {
			isa = XCSwiftPackageProductDependency;
			package = 2E125C9F2B346DDC00FE8FDD /* XCRemoteSwiftPackageReference "swift-snapshot-testing" */;
			productName = SnapshotTesting;
		};
/* End XCSwiftPackageProductDependency section */
	};
	rootObject = 2E8A97EF2B2EF252006FA156 /* Project object */;
}
